
Microsoft Visual Studio Solution File, Format Version 12.00
# Visual Studio Version 17
VisualStudioVersion = 17.8.34309.116
MinimumVisualStudioVersion = 10.0.40219.1
Project("{9A19103F-16F7-4668-BE54-9A1E7A4F7556}") = "WebApp", "WebApp\WebApp.csproj", "{2048C4E2-1ED6-4039-88E6-69C4211560E2}"
EndProject
Project("{9A19103F-16F7-4668-BE54-9A1E7A4F7556}") = "Api1", "Api1\Api1.csproj", "{14D14217-55EE-488B-8830-0B295246729A}"
EndProject
Project("{9A19103F-16F7-4668-BE54-9A1E7A4F7556}") = "HelperLibrary", "HelperLibrary\HelperLibrary.csproj", "{A5727A63-35B5-4993-B41D-FC6942DFF232}"
EndProject
Project("{2150E333-8FDC-42A3-9474-1A3956D46DE8}") = "down-parties", "down-parties", "{B7D9A6AA-7CAC-4637-ACE9-2F7DCEDC7865}"
EndProject
Project("{2150E333-8FDC-42A3-9474-1A3956D46DE8}") = "src", "src", "{8072FE61-38A1-4DB1-8196-1074D34E15C3}"
EndProject
Project("{2150E333-8FDC-42A3-9474-1A3956D46DE8}") = "Solution Items", "Solution Items", "{160A56B6-639C-43D5-852A-20AD918F7003}"
	ProjectSection(SolutionItems) = preProject
		ANUG code part one - OpenID Connect.txt = ANUG code part one - OpenID Connect.txt
		ANUG code part two - NemLog-in.txt = ANUG code part two - NemLog-in.txt
		README.md = README.md
	EndProjectSection
EndProject
Global
	GlobalSection(SolutionConfigurationPlatforms) = preSolution
		Debug|Any CPU = Debug|Any CPU
		Release|Any CPU = Release|Any CPU
	EndGlobalSection
	GlobalSection(ProjectConfigurationPlatforms) = postSolution
		{2048C4E2-1ED6-4039-88E6-69C4211560E2}.Debug|Any CPU.ActiveCfg = Debug|Any CPU
		{2048C4E2-1ED6-4039-88E6-69C4211560E2}.Debug|Any CPU.Build.0 = Debug|Any CPU
		{2048C4E2-1ED6-4039-88E6-69C4211560E2}.Release|Any CPU.ActiveCfg = Release|Any CPU
		{2048C4E2-1ED6-4039-88E6-69C4211560E2}.Release|Any CPU.Build.0 = Release|Any CPU
		{14D14217-55EE-488B-8830-0B295246729A}.Debug|Any CPU.ActiveCfg = Debug|Any CPU
		{14D14217-55EE-488B-8830-0B295246729A}.Debug|Any CPU.Build.0 = Debug|Any CPU
		{14D14217-55EE-488B-8830-0B295246729A}.Release|Any CPU.ActiveCfg = Release|Any CPU
		{14D14217-55EE-488B-8830-0B295246729A}.Release|Any CPU.Build.0 = Release|Any CPU
		{A5727A63-35B5-4993-B41D-FC6942DFF232}.Debug|Any CPU.ActiveCfg = Debug|Any CPU
		{A5727A63-35B5-4993-B41D-FC6942DFF232}.Debug|Any CPU.Build.0 = Debug|Any CPU
		{A5727A63-35B5-4993-B41D-FC6942DFF232}.Release|Any CPU.ActiveCfg = Release|Any CPU
		{A5727A63-35B5-4993-B41D-FC6942DFF232}.Release|Any CPU.Build.0 = Release|Any CPU
	EndGlobalSection
	GlobalSection(SolutionProperties) = preSolution
		HideSolutionNode = FALSE
	EndGlobalSection
	GlobalSection(NestedProjects) = preSolution
		{2048C4E2-1ED6-4039-88E6-69C4211560E2} = {B7D9A6AA-7CAC-4637-ACE9-2F7DCEDC7865}
		{14D14217-55EE-488B-8830-0B295246729A} = {B7D9A6AA-7CAC-4637-ACE9-2F7DCEDC7865}
		{A5727A63-35B5-4993-B41D-FC6942DFF232} = {8072FE61-38A1-4DB1-8196-1074D34E15C3}
		{B7D9A6AA-7CAC-4637-ACE9-2F7DCEDC7865} = {8072FE61-38A1-4DB1-8196-1074D34E15C3}
	EndGlobalSection
	GlobalSection(ExtensibilityGlobals) = postSolution
		SolutionGuid = {EF53AF08-9D48-45CD-BD8C-BBF2E47FB348}
	EndGlobalSection
EndGlobal
