Microsoft Visual Studio Solution File, Format Version 12.00
# Visual Studio Version 17
VisualStudioVersion = 17.5.2.0
MinimumVisualStudioVersion = 10.0.40219.1
Project("{FAE04EC0-301F-11D3-BF4B-00C04F79EFBC}") = "asp.net-oidc-codex", "asp.net-oidc-codex.csproj", "{F7B74320-B6BB-5000-0FE6-C7D0287368CD}"
EndProject
Global
	GlobalSection(SolutionConfigurationPlatforms) = preSolution
		Debug|Any CPU = Debug|Any CPU
		Release|Any CPU = Release|Any CPU
	EndGlobalSection
	GlobalSection(ProjectConfigurationPlatforms) = postSolution
		{F7B74320-B6BB-5000-0FE6-C7D0287368CD}.Debug|Any CPU.ActiveCfg = Debug|Any CPU
		{F7B74320-B6BB-5000-0FE6-C7D0287368CD}.Debug|Any CPU.Build.0 = Debug|Any CPU
		{F7B74320-B6BB-5000-0FE6-C7D0287368CD}.Release|Any CPU.ActiveCfg = Release|Any CPU
		{F7B74320-B6BB-5000-0FE6-C7D0287368CD}.Release|Any CPU.Build.0 = Release|Any CPU
	EndGlobalSection
	GlobalSection(SolutionProperties) = preSolution
		HideSolutionNode = FALSE
	EndGlobalSection
	GlobalSection(ExtensibilityGlobals) = postSolution
		SolutionGuid = {1D0B3880-BB83-4097-9539-76651FBF07BA}
	EndGlobalSection
EndGlobal
